// !$*UTF8*$!
{
	archiveVersion = 1;
	classes = {
	};
	objectVersion = 46;
	objects = {

/* Begin PBXBuildFile section */
		921D055D18342EA600DC801E /* jellystone.jpg in Resources */ = {isa = PBXBuildFile; fileRef = 921D055C18342EA600DC801E /* jellystone.jpg */; };
		9267E7E11833C54F004796FE /* Foundation.framework in Frameworks */ = {isa = PBXBuildFile; fileRef = 9267E7E01833C54F004796FE /* Foundation.framework */; };
		9267E7E31833C54F004796FE /* CoreGraphics.framework in Frameworks */ = {isa = PBXBuildFile; fileRef = 9267E7E21833C54F004796FE /* CoreGraphics.framework */; };
		9267E7E51833C54F004796FE /* UIKit.framework in Frameworks */ = {isa = PBXBuildFile; fileRef = 9267E7E41833C54F004796FE /* UIKit.framework */; };
		9267E7EB1833C54F004796FE /* InfoPlist.strings in Resources */ = {isa = PBXBuildFile; fileRef = 9267E7E91833C54F004796FE /* InfoPlist.strings */; };
		9267E7ED1833C54F004796FE /* main.m in Sources */ = {isa = PBXBuildFile; fileRef = 9267E7EC1833C54F004796FE /* main.m */; };
		9267E7F11833C54F004796FE /* SmartTravelAppDelegate.m in Sources */ = {isa = PBXBuildFile; fileRef = 9267E7F01833C54F004796FE /* SmartTravelAppDelegate.m */; };
		9267E7F41833C54F004796FE /* Main_iPhone.storyboard in Resources */ = {isa = PBXBuildFile; fileRef = 9267E7F21833C54F004796FE /* Main_iPhone.storyboard */; };
		9267E7F71833C54F004796FE /* Main_iPad.storyboard in Resources */ = {isa = PBXBuildFile; fileRef = 9267E7F51833C54F004796FE /* Main_iPad.storyboard */; };
		9267E7FA1833C54F004796FE /* SmartTravelViewController.m in Sources */ = {isa = PBXBuildFile; fileRef = 9267E7F91833C54F004796FE /* SmartTravelViewController.m */; };
		9267E7FC1833C54F004796FE /* Images.xcassets in Resources */ = {isa = PBXBuildFile; fileRef = 9267E7FB1833C54F004796FE /* Images.xcassets */; };
		9267E8031833C54F004796FE /* XCTest.framework in Frameworks */ = {isa = PBXBuildFile; fileRef = 9267E8021833C54F004796FE /* XCTest.framework */; };
		9267E8041833C54F004796FE /* Foundation.framework in Frameworks */ = {isa = PBXBuildFile; fileRef = 9267E7E01833C54F004796FE /* Foundation.framework */; };
		9267E8051833C54F004796FE /* UIKit.framework in Frameworks */ = {isa = PBXBuildFile; fileRef = 9267E7E41833C54F004796FE /* UIKit.framework */; };
		9267E80D1833C54F004796FE /* InfoPlist.strings in Resources */ = {isa = PBXBuildFile; fileRef = 9267E80B1833C54F004796FE /* InfoPlist.strings */; };
		9267E80F1833C550004796FE /* SmartTravelTests.m in Sources */ = {isa = PBXBuildFile; fileRef = 9267E80E1833C550004796FE /* SmartTravelTests.m */; };
		9267E81B1833CA7F004796FE /* BeaconManager.m in Sources */ = {isa = PBXBuildFile; fileRef = 9267E81A1833CA7F004796FE /* BeaconManager.m */; };
		9267E82D1833DF73004796FE /* star.png in Resources */ = {isa = PBXBuildFile; fileRef = 9267E82B1833DF73004796FE /* star.png */; };
		9267E82E1833DF73004796FE /* star@2x.png in Resources */ = {isa = PBXBuildFile; fileRef = 9267E82C1833DF73004796FE /* star@2x.png */; };
		928CB23E183405170048266E /* outback.JPG in Resources */ = {isa = PBXBuildFile; fileRef = 928CB23D183405170048266E /* outback.JPG */; };
		928CB243183424100048266E /* neon_stripper.jpg in Resources */ = {isa = PBXBuildFile; fileRef = 928CB242183424100048266E /* neon_stripper.jpg */; };
		92C6C5161833E40A00743214 /* BusinessDetailsViewController.m in Sources */ = {isa = PBXBuildFile; fileRef = 92C6C5151833E40A00743214 /* BusinessDetailsViewController.m */; };
		D246CB881833C6C800034DB0 /* MapViewController.m in Sources */ = {isa = PBXBuildFile; fileRef = D246CB871833C6C800034DB0 /* MapViewController.m */; };
		D246CB8B1833C6D400034DB0 /* SearchViewController.m in Sources */ = {isa = PBXBuildFile; fileRef = D246CB8A1833C6D400034DB0 /* SearchViewController.m */; };
		D246CB8E1833C6E000034DB0 /* BookmarkViewController.m in Sources */ = {isa = PBXBuildFile; fileRef = D246CB8D1833C6E000034DB0 /* BookmarkViewController.m */; };
		D246CB911833CDAA00034DB0 /* SearchCell.m in Sources */ = {isa = PBXBuildFile; fileRef = D246CB901833CDAA00034DB0 /* SearchCell.m */; };
		D246CB951833D04D00034DB0 /* 06-magnify.png in Resources */ = {isa = PBXBuildFile; fileRef = D246CB931833D04D00034DB0 /* 06-magnify.png */; };
		D246CB961833D04D00034DB0 /* 06-magnify@2x.png in Resources */ = {isa = PBXBuildFile; fileRef = D246CB941833D04D00034DB0 /* 06-magnify@2x.png */; };
		D2F22CE81833DDD700B63DBE /* SearchBarCell.m in Sources */ = {isa = PBXBuildFile; fileRef = D2F22CE71833DDD700B63DBE /* SearchBarCell.m */; };
		D2F22CED1833E13200B63DBE /* MockData.m in Sources */ = {isa = PBXBuildFile; fileRef = D2F22CEC1833E13200B63DBE /* MockData.m */; };
		D2F22CF01833FA6700B63DBE /* UIImage+ImageEffects.m in Sources */ = {isa = PBXBuildFile; fileRef = D2F22CEF1833FA6700B63DBE /* UIImage+ImageEffects.m */; };
		D2F22CF618341CC300B63DBE /* outbacklogo.jpg in Resources */ = {isa = PBXBuildFile; fileRef = D2F22CF518341CC300B63DBE /* outbacklogo.jpg */; };
		D2F22CF918341EAD00B63DBE /* pages.jpg in Resources */ = {isa = PBXBuildFile; fileRef = D2F22CF718341EAD00B63DBE /* pages.jpg */; };
		D2F22CFA18341EAD00B63DBE /* applebeeslogo.jpg in Resources */ = {isa = PBXBuildFile; fileRef = D2F22CF818341EAD00B63DBE /* applebeeslogo.jpg */; };
		D2F22CFC18341FB500B63DBE /* marketpavilionlogo.jpg in Resources */ = {isa = PBXBuildFile; fileRef = D2F22CFB18341FB500B63DBE /* marketpavilionlogo.jpg */; };
		D2F22CFE183420BB00B63DBE /* millshouselogo.jpg in Resources */ = {isa = PBXBuildFile; fileRef = D2F22CFD183420BB00B63DBE /* millshouselogo.jpg */; };
		D2F22D001834226B00B63DBE /* holidayinnlogo.jpg in Resources */ = {isa = PBXBuildFile; fileRef = D2F22CFF1834226B00B63DBE /* holidayinnlogo.jpg */; };
		D2F22D021834236100B63DBE /* gibbeslogo.jpg in Resources */ = {isa = PBXBuildFile; fileRef = D2F22D011834236100B63DBE /* gibbeslogo.jpg */; };
		D2F22D041834246000B63DBE /* magnolialogo.jpg in Resources */ = {isa = PBXBuildFile; fileRef = D2F22D031834246000B63DBE /* magnolialogo.jpg */; };
		D2F22D08183426BC00B63DBE /* yogibearlogo.jpg in Resources */ = {isa = PBXBuildFile; fileRef = D2F22D07183426BC00B63DBE /* yogibearlogo.jpg */; };
		D2F22D0C18342F5A00B63DBE /* applebeesbackground.jpg in Resources */ = {isa = PBXBuildFile; fileRef = D2F22D0B18342F5A00B63DBE /* applebeesbackground.jpg */; };
		D2F22D0E183431A200B63DBE /* pagesbackground.jpg in Resources */ = {isa = PBXBuildFile; fileRef = D2F22D0D183431A200B63DBE /* pagesbackground.jpg */; };
		D2F22D10183433CF00B63DBE /* marketpavilionbackground.jpg in Resources */ = {isa = PBXBuildFile; fileRef = D2F22D0F183433CF00B63DBE /* marketpavilionbackground.jpg */; };
		D61E1F451833E2F500A42013 /* Location.m in Sources */ = {isa = PBXBuildFile; fileRef = D61E1F441833E2F500A42013 /* Location.m */; };
		D61E1F4C1833FE0700A42013 /* ImageHandler.m in Sources */ = {isa = PBXBuildFile; fileRef = D61E1F4B1833FE0700A42013 /* ImageHandler.m */; };
		D61E1F4F1833FF3400A42013 /* 722-location-pin.png in Resources */ = {isa = PBXBuildFile; fileRef = D61E1F4D1833FF3400A42013 /* 722-location-pin.png */; };
		D61E1F501833FF3400A42013 /* 722-location-pin@2x.png in Resources */ = {isa = PBXBuildFile; fileRef = D61E1F4E1833FF3400A42013 /* 722-location-pin@2x.png */; };
		D61E1F53183409A000A42013 /* BookmarkManager.m in Sources */ = {isa = PBXBuildFile; fileRef = D61E1F52183409A000A42013 /* BookmarkManager.m */; };
		D61E1F5E1834182600A42013 /* 726-star-selected.png in Resources */ = {isa = PBXBuildFile; fileRef = D61E1F5C1834182600A42013 /* 726-star-selected.png */; };
		D61E1F5F1834182600A42013 /* 726-star-selected@2x.png in Resources */ = {isa = PBXBuildFile; fileRef = D61E1F5D1834182600A42013 /* 726-star-selected@2x.png */; };
		D61E1F6118342C6E00A42013 /* gg.png in Resources */ = {isa = PBXBuildFile; fileRef = D61E1F6018342C6E00A42013 /* gg.png */; };
		D61E1F6418342C9400A42013 /* SplashViewController.m in Sources */ = {isa = PBXBuildFile; fileRef = D61E1F6318342C9400A42013 /* SplashViewController.m */; };
		D61E1F6618342E2800A42013 /* ggggggggggggg.png in Resources */ = {isa = PBXBuildFile; fileRef = D61E1F6518342E2800A42013 /* ggggggggggggg.png */; };
		D6BB5ECA183434A900787AD1 /* Charleston_gibbes_art_gallery.jpg in Resources */ = {isa = PBXBuildFile; fileRef = D6BB5EC8183434A900787AD1 /* Charleston_gibbes_art_gallery.jpg */; };
		D6BB5ECB183434A900787AD1 /* Holiday_Inn_Express-Night.jpeg in Resources */ = {isa = PBXBuildFile; fileRef = D6BB5EC9183434A900787AD1 /* Holiday_Inn_Express-Night.jpeg */; };
		D6C9386C1833D33B0083F04F /* LocationAnnotation.m in Sources */ = {isa = PBXBuildFile; fileRef = D6C9386B1833D33B0083F04F /* LocationAnnotation.m */; };
		D6CBEDDC1833CB3F0093A175 /* MapKit.framework in Frameworks */ = {isa = PBXBuildFile; fileRef = D6CBEDDB1833CB3F0093A175 /* MapKit.framework */; };
/* End PBXBuildFile section */

/* Begin PBXContainerItemProxy section */
		9267E8061833C54F004796FE /* PBXContainerItemProxy */ = {
			isa = PBXContainerItemProxy;
			containerPortal = 9267E7D51833C54F004796FE /* Project object */;
			proxyType = 1;
			remoteGlobalIDString = 9267E7DC1833C54F004796FE;
			remoteInfo = SmartTravel;
		};
/* End PBXContainerItemProxy section */

/* Begin PBXFileReference section */
		921D055C18342EA600DC801E /* jellystone.jpg */ = {isa = PBXFileReference; lastKnownFileType = image.jpeg; path = jellystone.jpg; sourceTree = "<group>"; };
		9267E7E01833C54F004796FE /* Foundation.framework */ = {isa = PBXFileReference; lastKnownFileType = wrapper.framework; name = Foundation.framework; path = System/Library/Frameworks/Foundation.framework; sourceTree = SDKROOT; };
		9267E7E21833C54F004796FE /* CoreGraphics.framework */ = {isa = PBXFileReference; lastKnownFileType = wrapper.framework; name = CoreGraphics.framework; path = System/Library/Frameworks/CoreGraphics.framework; sourceTree = SDKROOT; };
		9267E7E41833C54F004796FE /* UIKit.framework */ = {isa = PBXFileReference; lastKnownFileType = wrapper.framework; name = UIKit.framework; path = System/Library/Frameworks/UIKit.framework; sourceTree = SDKROOT; };
		9267E7E81833C54F004796FE /* SmartTravel-Info.plist */ = {isa = PBXFileReference; lastKnownFileType = text.plist.xml; path = "SmartTravel-Info.plist"; sourceTree = "<group>"; };
		9267E7EA1833C54F004796FE /* en */ = {isa = PBXFileReference; lastKnownFileType = text.plist.strings; name = en; path = en.lproj/InfoPlist.strings; sourceTree = "<group>"; };
		9267E7EC1833C54F004796FE /* main.m */ = {isa = PBXFileReference; lastKnownFileType = sourcecode.c.objc; path = main.m; sourceTree = "<group>"; };
		9267E7EE1833C54F004796FE /* SmartTravel-Prefix.pch */ = {isa = PBXFileReference; lastKnownFileType = sourcecode.c.h; path = "SmartTravel-Prefix.pch"; sourceTree = "<group>"; };
		9267E7EF1833C54F004796FE /* SmartTravelAppDelegate.h */ = {isa = PBXFileReference; lastKnownFileType = sourcecode.c.h; path = SmartTravelAppDelegate.h; sourceTree = "<group>"; };
		9267E7F01833C54F004796FE /* SmartTravelAppDelegate.m */ = {isa = PBXFileReference; lastKnownFileType = sourcecode.c.objc; path = SmartTravelAppDelegate.m; sourceTree = "<group>"; };
		9267E7F31833C54F004796FE /* Base */ = {isa = PBXFileReference; lastKnownFileType = file.storyboard; name = Base; path = Base.lproj/Main_iPhone.storyboard; sourceTree = "<group>"; };
		9267E7F61833C54F004796FE /* Base */ = {isa = PBXFileReference; lastKnownFileType = file.storyboard; name = Base; path = Base.lproj/Main_iPad.storyboard; sourceTree = "<group>"; };
		9267E7F81833C54F004796FE /* SmartTravelViewController.h */ = {isa = PBXFileReference; lastKnownFileType = sourcecode.c.h; path = SmartTravelViewController.h; sourceTree = "<group>"; };
		9267E7F91833C54F004796FE /* SmartTravelViewController.m */ = {isa = PBXFileReference; lastKnownFileType = sourcecode.c.objc; path = SmartTravelViewController.m; sourceTree = "<group>"; };
		9267E7FB1833C54F004796FE /* Images.xcassets */ = {isa = PBXFileReference; lastKnownFileType = folder.assetcatalog; path = Images.xcassets; sourceTree = "<group>"; };
		9267E8021833C54F004796FE /* XCTest.framework */ = {isa = PBXFileReference; lastKnownFileType = wrapper.framework; name = XCTest.framework; path = Library/Frameworks/XCTest.framework; sourceTree = DEVELOPER_DIR; };
		9267E80A1833C54F004796FE /* SmartTravelTests-Info.plist */ = {isa = PBXFileReference; lastKnownFileType = text.plist.xml; path = "SmartTravelTests-Info.plist"; sourceTree = "<group>"; };
		9267E80C1833C54F004796FE /* en */ = {isa = PBXFileReference; lastKnownFileType = text.plist.strings; name = en; path = en.lproj/InfoPlist.strings; sourceTree = "<group>"; };
		9267E80E1833C550004796FE /* SmartTravelTests.m */ = {isa = PBXFileReference; lastKnownFileType = sourcecode.c.objc; path = SmartTravelTests.m; sourceTree = "<group>"; };
		9267E8191833CA7F004796FE /* BeaconManager.h */ = {isa = PBXFileReference; fileEncoding = 4; lastKnownFileType = sourcecode.c.h; path = BeaconManager.h; sourceTree = "<group>"; };
		9267E81A1833CA7F004796FE /* BeaconManager.m */ = {isa = PBXFileReference; fileEncoding = 4; lastKnownFileType = sourcecode.c.objc; path = BeaconManager.m; sourceTree = "<group>"; };
		9267E8291833DF16004796FE /* SmartTravel.app */ = {isa = PBXFileReference; explicitFileType = wrapper.application; includeInIndex = 0; path = SmartTravel.app; sourceTree = BUILT_PRODUCTS_DIR; };
		9267E82A1833DF16004796FE /* SmartTravelTests.xctest */ = {isa = PBXFileReference; explicitFileType = wrapper.cfbundle; includeInIndex = 0; path = SmartTravelTests.xctest; sourceTree = BUILT_PRODUCTS_DIR; };
		9267E82B1833DF73004796FE /* star.png */ = {isa = PBXFileReference; lastKnownFileType = image.png; path = star.png; sourceTree = "<group>"; };
		9267E82C1833DF73004796FE /* star@2x.png */ = {isa = PBXFileReference; lastKnownFileType = image.png; path = "star@2x.png"; sourceTree = "<group>"; };
		928CB23D183405170048266E /* outback.JPG */ = {isa = PBXFileReference; lastKnownFileType = image.jpeg; path = outback.JPG; sourceTree = "<group>"; };
		928CB242183424100048266E /* neon_stripper.jpg */ = {isa = PBXFileReference; lastKnownFileType = image.jpeg; path = neon_stripper.jpg; sourceTree = "<group>"; };
		92C6C5141833E40A00743214 /* BusinessDetailsViewController.h */ = {isa = PBXFileReference; fileEncoding = 4; lastKnownFileType = sourcecode.c.h; path = BusinessDetailsViewController.h; sourceTree = "<group>"; };
		92C6C5151833E40A00743214 /* BusinessDetailsViewController.m */ = {isa = PBXFileReference; fileEncoding = 4; lastKnownFileType = sourcecode.c.objc; path = BusinessDetailsViewController.m; sourceTree = "<group>"; };
		D246CB861833C6C800034DB0 /* MapViewController.h */ = {isa = PBXFileReference; fileEncoding = 4; lastKnownFileType = sourcecode.c.h; path = MapViewController.h; sourceTree = "<group>"; };
		D246CB871833C6C800034DB0 /* MapViewController.m */ = {isa = PBXFileReference; fileEncoding = 4; lastKnownFileType = sourcecode.c.objc; path = MapViewController.m; sourceTree = "<group>"; };
		D246CB891833C6D400034DB0 /* SearchViewController.h */ = {isa = PBXFileReference; fileEncoding = 4; lastKnownFileType = sourcecode.c.h; path = SearchViewController.h; sourceTree = "<group>"; };
		D246CB8A1833C6D400034DB0 /* SearchViewController.m */ = {isa = PBXFileReference; fileEncoding = 4; lastKnownFileType = sourcecode.c.objc; path = SearchViewController.m; sourceTree = "<group>"; };
		D246CB8C1833C6E000034DB0 /* BookmarkViewController.h */ = {isa = PBXFileReference; fileEncoding = 4; lastKnownFileType = sourcecode.c.h; path = BookmarkViewController.h; sourceTree = "<group>"; };
		D246CB8D1833C6E000034DB0 /* BookmarkViewController.m */ = {isa = PBXFileReference; fileEncoding = 4; lastKnownFileType = sourcecode.c.objc; path = BookmarkViewController.m; sourceTree = "<group>"; };
		D246CB8F1833CDAA00034DB0 /* SearchCell.h */ = {isa = PBXFileReference; fileEncoding = 4; lastKnownFileType = sourcecode.c.h; path = SearchCell.h; sourceTree = "<group>"; };
		D246CB901833CDAA00034DB0 /* SearchCell.m */ = {isa = PBXFileReference; fileEncoding = 4; lastKnownFileType = sourcecode.c.objc; path = SearchCell.m; sourceTree = "<group>"; };
		D246CB931833D04D00034DB0 /* 06-magnify.png */ = {isa = PBXFileReference; lastKnownFileType = image.png; path = "06-magnify.png"; sourceTree = "<group>"; };
		D246CB941833D04D00034DB0 /* 06-magnify@2x.png */ = {isa = PBXFileReference; lastKnownFileType = image.png; path = "06-magnify@2x.png"; sourceTree = "<group>"; };
		D2F22CE61833DDD700B63DBE /* SearchBarCell.h */ = {isa = PBXFileReference; fileEncoding = 4; lastKnownFileType = sourcecode.c.h; path = SearchBarCell.h; sourceTree = "<group>"; };
		D2F22CE71833DDD700B63DBE /* SearchBarCell.m */ = {isa = PBXFileReference; fileEncoding = 4; lastKnownFileType = sourcecode.c.objc; path = SearchBarCell.m; sourceTree = "<group>"; };
		D2F22CEB1833E13200B63DBE /* MockData.h */ = {isa = PBXFileReference; fileEncoding = 4; lastKnownFileType = sourcecode.c.h; path = MockData.h; sourceTree = "<group>"; };
		D2F22CEC1833E13200B63DBE /* MockData.m */ = {isa = PBXFileReference; fileEncoding = 4; lastKnownFileType = sourcecode.c.objc; path = MockData.m; sourceTree = "<group>"; };
		D2F22CEE1833FA6700B63DBE /* UIImage+ImageEffects.h */ = {isa = PBXFileReference; fileEncoding = 4; lastKnownFileType = sourcecode.c.h; path = "UIImage+ImageEffects.h"; sourceTree = "<group>"; };
		D2F22CEF1833FA6700B63DBE /* UIImage+ImageEffects.m */ = {isa = PBXFileReference; fileEncoding = 4; lastKnownFileType = sourcecode.c.objc; path = "UIImage+ImageEffects.m"; sourceTree = "<group>"; };
		D2F22CF518341CC300B63DBE /* outbacklogo.jpg */ = {isa = PBXFileReference; lastKnownFileType = image.jpeg; path = outbacklogo.jpg; sourceTree = "<group>"; };
		D2F22CF718341EAD00B63DBE /* pages.jpg */ = {isa = PBXFileReference; lastKnownFileType = image.jpeg; path = pages.jpg; sourceTree = "<group>"; };
		D2F22CF818341EAD00B63DBE /* applebeeslogo.jpg */ = {isa = PBXFileReference; lastKnownFileType = image.jpeg; path = applebeeslogo.jpg; sourceTree = "<group>"; };
		D2F22CFB18341FB500B63DBE /* marketpavilionlogo.jpg */ = {isa = PBXFileReference; lastKnownFileType = image.jpeg; path = marketpavilionlogo.jpg; sourceTree = "<group>"; };
		D2F22CFD183420BB00B63DBE /* millshouselogo.jpg */ = {isa = PBXFileReference; lastKnownFileType = image.jpeg; path = millshouselogo.jpg; sourceTree = "<group>"; };
		D2F22CFF1834226B00B63DBE /* holidayinnlogo.jpg */ = {isa = PBXFileReference; lastKnownFileType = image.jpeg; path = holidayinnlogo.jpg; sourceTree = "<group>"; };
		D2F22D011834236100B63DBE /* gibbeslogo.jpg */ = {isa = PBXFileReference; lastKnownFileType = image.jpeg; path = gibbeslogo.jpg; sourceTree = "<group>"; };
		D2F22D031834246000B63DBE /* magnolialogo.jpg */ = {isa = PBXFileReference; lastKnownFileType = image.jpeg; path = magnolialogo.jpg; sourceTree = "<group>"; };
		D2F22D07183426BC00B63DBE /* yogibearlogo.jpg */ = {isa = PBXFileReference; lastKnownFileType = image.jpeg; path = yogibearlogo.jpg; sourceTree = "<group>"; };
		D2F22D0B18342F5A00B63DBE /* applebeesbackground.jpg */ = {isa = PBXFileReference; lastKnownFileType = image.jpeg; path = applebeesbackground.jpg; sourceTree = "<group>"; };
		D2F22D0D183431A200B63DBE /* pagesbackground.jpg */ = {isa = PBXFileReference; lastKnownFileType = image.jpeg; path = pagesbackground.jpg; sourceTree = "<group>"; };
		D2F22D0F183433CF00B63DBE /* marketpavilionbackground.jpg */ = {isa = PBXFileReference; lastKnownFileType = image.jpeg; path = marketpavilionbackground.jpg; sourceTree = "<group>"; };
		D61E1F431833E2F500A42013 /* Location.h */ = {isa = PBXFileReference; fileEncoding = 4; lastKnownFileType = sourcecode.c.h; path = Location.h; sourceTree = "<group>"; };
		D61E1F441833E2F500A42013 /* Location.m */ = {isa = PBXFileReference; fileEncoding = 4; lastKnownFileType = sourcecode.c.objc; path = Location.m; sourceTree = "<group>"; };
		D61E1F4A1833FE0700A42013 /* ImageHandler.h */ = {isa = PBXFileReference; fileEncoding = 4; lastKnownFileType = sourcecode.c.h; path = ImageHandler.h; sourceTree = "<group>"; };
		D61E1F4B1833FE0700A42013 /* ImageHandler.m */ = {isa = PBXFileReference; fileEncoding = 4; lastKnownFileType = sourcecode.c.objc; path = ImageHandler.m; sourceTree = "<group>"; };
		D61E1F4D1833FF3400A42013 /* 722-location-pin.png */ = {isa = PBXFileReference; lastKnownFileType = image.png; path = "722-location-pin.png"; sourceTree = "<group>"; };
		D61E1F4E1833FF3400A42013 /* 722-location-pin@2x.png */ = {isa = PBXFileReference; lastKnownFileType = image.png; path = "722-location-pin@2x.png"; sourceTree = "<group>"; };
		D61E1F51183409A000A42013 /* BookmarkManager.h */ = {isa = PBXFileReference; fileEncoding = 4; lastKnownFileType = sourcecode.c.h; path = BookmarkManager.h; sourceTree = "<group>"; };
		D61E1F52183409A000A42013 /* BookmarkManager.m */ = {isa = PBXFileReference; fileEncoding = 4; lastKnownFileType = sourcecode.c.objc; path = BookmarkManager.m; sourceTree = "<group>"; };
		D61E1F5C1834182600A42013 /* 726-star-selected.png */ = {isa = PBXFileReference; lastKnownFileType = image.png; path = "726-star-selected.png"; sourceTree = "<group>"; };
		D61E1F5D1834182600A42013 /* 726-star-selected@2x.png */ = {isa = PBXFileReference; lastKnownFileType = image.png; path = "726-star-selected@2x.png"; sourceTree = "<group>"; };
		D61E1F6018342C6E00A42013 /* gg.png */ = {isa = PBXFileReference; lastKnownFileType = image.png; path = gg.png; sourceTree = "<group>"; };
		D61E1F6218342C9400A42013 /* SplashViewController.h */ = {isa = PBXFileReference; fileEncoding = 4; lastKnownFileType = sourcecode.c.h; path = SplashViewController.h; sourceTree = "<group>"; };
		D61E1F6318342C9400A42013 /* SplashViewController.m */ = {isa = PBXFileReference; fileEncoding = 4; lastKnownFileType = sourcecode.c.objc; path = SplashViewController.m; sourceTree = "<group>"; };
		D61E1F6518342E2800A42013 /* ggggggggggggg.png */ = {isa = PBXFileReference; lastKnownFileType = image.png; path = ggggggggggggg.png; sourceTree = "<group>"; };
		D6BB5EC8183434A900787AD1 /* Charleston_gibbes_art_gallery.jpg */ = {isa = PBXFileReference; lastKnownFileType = image.jpeg; path = Charleston_gibbes_art_gallery.jpg; sourceTree = "<group>"; };
		D6BB5EC9183434A900787AD1 /* Holiday_Inn_Express-Night.jpeg */ = {isa = PBXFileReference; lastKnownFileType = image.jpeg; path = "Holiday_Inn_Express-Night.jpeg"; sourceTree = "<group>"; };
		D6C9386A1833D33B0083F04F /* LocationAnnotation.h */ = {isa = PBXFileReference; fileEncoding = 4; lastKnownFileType = sourcecode.c.h; path = LocationAnnotation.h; sourceTree = "<group>"; };
		D6C9386B1833D33B0083F04F /* LocationAnnotation.m */ = {isa = PBXFileReference; fileEncoding = 4; lastKnownFileType = sourcecode.c.objc; path = LocationAnnotation.m; sourceTree = "<group>"; };
		D6CBEDDB1833CB3F0093A175 /* MapKit.framework */ = {isa = PBXFileReference; lastKnownFileType = wrapper.framework; name = MapKit.framework; path = System/Library/Frameworks/MapKit.framework; sourceTree = SDKROOT; };
/* End PBXFileReference section */

/* Begin PBXFrameworksBuildPhase section */
		9267E7DA1833C54F004796FE /* Frameworks */ = {
			isa = PBXFrameworksBuildPhase;
			buildActionMask = 2147483647;
			files = (
				D6CBEDDC1833CB3F0093A175 /* MapKit.framework in Frameworks */,
				9267E7E31833C54F004796FE /* CoreGraphics.framework in Frameworks */,
				9267E7E51833C54F004796FE /* UIKit.framework in Frameworks */,
				9267E7E11833C54F004796FE /* Foundation.framework in Frameworks */,
			);
			runOnlyForDeploymentPostprocessing = 0;
		};
		9267E7FE1833C54F004796FE /* Frameworks */ = {
			isa = PBXFrameworksBuildPhase;
			buildActionMask = 2147483647;
			files = (
				9267E8031833C54F004796FE /* XCTest.framework in Frameworks */,
				9267E8051833C54F004796FE /* UIKit.framework in Frameworks */,
				9267E8041833C54F004796FE /* Foundation.framework in Frameworks */,
			);
			runOnlyForDeploymentPostprocessing = 0;
		};
/* End PBXFrameworksBuildPhase section */

/* Begin PBXGroup section */
		9267E7D41833C54F004796FE = {
			isa = PBXGroup;
			children = (
				9267E7E61833C54F004796FE /* SmartTravel */,
				9267E8081833C54F004796FE /* SmartTravelTests */,
				9267E7DF1833C54F004796FE /* Frameworks */,
				9267E8291833DF16004796FE /* SmartTravel.app */,
				9267E82A1833DF16004796FE /* SmartTravelTests.xctest */,
			);
			sourceTree = "<group>";
		};
		9267E7DF1833C54F004796FE /* Frameworks */ = {
			isa = PBXGroup;
			children = (
				D6CBEDDB1833CB3F0093A175 /* MapKit.framework */,
				9267E7E01833C54F004796FE /* Foundation.framework */,
				9267E7E21833C54F004796FE /* CoreGraphics.framework */,
				9267E7E41833C54F004796FE /* UIKit.framework */,
				9267E8021833C54F004796FE /* XCTest.framework */,
			);
			name = Frameworks;
			sourceTree = "<group>";
		};
		9267E7E61833C54F004796FE /* SmartTravel */ = {
			isa = PBXGroup;
			children = (
				D2F22D07183426BC00B63DBE /* yogibearlogo.jpg */,
				D2F22CEE1833FA6700B63DBE /* UIImage+ImageEffects.h */,
				D2F22CEF1833FA6700B63DBE /* UIImage+ImageEffects.m */,
				D2F22CE61833DDD700B63DBE /* SearchBarCell.h */,
				D2F22CE71833DDD700B63DBE /* SearchBarCell.m */,
				D246CB971833D05200034DB0 /* Images */,
				9267E8181833CA53004796FE /* BeaconManager */,
				9267E7EF1833C54F004796FE /* SmartTravelAppDelegate.h */,
				9267E7F01833C54F004796FE /* SmartTravelAppDelegate.m */,
				9267E7F21833C54F004796FE /* Main_iPhone.storyboard */,
				9267E7F51833C54F004796FE /* Main_iPad.storyboard */,
				9267E7F81833C54F004796FE /* SmartTravelViewController.h */,
				9267E7F91833C54F004796FE /* SmartTravelViewController.m */,
				9267E7FB1833C54F004796FE /* Images.xcassets */,
				9267E7E71833C54F004796FE /* Supporting Files */,
				D246CB861833C6C800034DB0 /* MapViewController.h */,
				D246CB871833C6C800034DB0 /* MapViewController.m */,
				D246CB891833C6D400034DB0 /* SearchViewController.h */,
				D246CB8A1833C6D400034DB0 /* SearchViewController.m */,
				D246CB8C1833C6E000034DB0 /* BookmarkViewController.h */,
				D246CB8D1833C6E000034DB0 /* BookmarkViewController.m */,
				D246CB8F1833CDAA00034DB0 /* SearchCell.h */,
				D246CB901833CDAA00034DB0 /* SearchCell.m */,
				D6C9386A1833D33B0083F04F /* LocationAnnotation.h */,
				D6C9386B1833D33B0083F04F /* LocationAnnotation.m */,
				D2F22CEB1833E13200B63DBE /* MockData.h */,
				D2F22CEC1833E13200B63DBE /* MockData.m */,
				D61E1F431833E2F500A42013 /* Location.h */,
				D61E1F441833E2F500A42013 /* Location.m */,
				92C6C5141833E40A00743214 /* BusinessDetailsViewController.h */,
				92C6C5151833E40A00743214 /* BusinessDetailsViewController.m */,
				D61E1F4A1833FE0700A42013 /* ImageHandler.h */,
				D61E1F4B1833FE0700A42013 /* ImageHandler.m */,
				D61E1F51183409A000A42013 /* BookmarkManager.h */,
				D61E1F52183409A000A42013 /* BookmarkManager.m */,
				D61E1F6218342C9400A42013 /* SplashViewController.h */,
				D61E1F6318342C9400A42013 /* SplashViewController.m */,
			);
			path = SmartTravel;
			sourceTree = "<group>";
		};
		9267E7E71833C54F004796FE /* Supporting Files */ = {
			isa = PBXGroup;
			children = (
				9267E7E81833C54F004796FE /* SmartTravel-Info.plist */,
				9267E7E91833C54F004796FE /* InfoPlist.strings */,
				9267E7EC1833C54F004796FE /* main.m */,
				9267E7EE1833C54F004796FE /* SmartTravel-Prefix.pch */,
			);
			name = "Supporting Files";
			sourceTree = "<group>";
		};
		9267E8081833C54F004796FE /* SmartTravelTests */ = {
			isa = PBXGroup;
			children = (
				9267E80E1833C550004796FE /* SmartTravelTests.m */,
				9267E8091833C54F004796FE /* Supporting Files */,
			);
			path = SmartTravelTests;
			sourceTree = "<group>";
		};
		9267E8091833C54F004796FE /* Supporting Files */ = {
			isa = PBXGroup;
			children = (
				9267E80A1833C54F004796FE /* SmartTravelTests-Info.plist */,
				9267E80B1833C54F004796FE /* InfoPlist.strings */,
			);
			name = "Supporting Files";
			sourceTree = "<group>";
		};
		9267E8181833CA53004796FE /* BeaconManager */ = {
			isa = PBXGroup;
			children = (
				9267E8191833CA7F004796FE /* BeaconManager.h */,
				9267E81A1833CA7F004796FE /* BeaconManager.m */,
			);
			name = BeaconManager;
			sourceTree = "<group>";
		};
		D246CB971833D05200034DB0 /* Images */ = {
			isa = PBXGroup;
			children = (
				D6BB5EC8183434A900787AD1 /* Charleston_gibbes_art_gallery.jpg */,
				D6BB5EC9183434A900787AD1 /* Holiday_Inn_Express-Night.jpeg */,
				D2F22D0F183433CF00B63DBE /* marketpavilionbackground.jpg */,
				D2F22D0D183431A200B63DBE /* pagesbackground.jpg */,
				D61E1F6518342E2800A42013 /* ggggggggggggg.png */,
				921D055C18342EA600DC801E /* jellystone.jpg */,
				D2F22D0B18342F5A00B63DBE /* applebeesbackground.jpg */,
				D61E1F6018342C6E00A42013 /* gg.png */,
				928CB242183424100048266E /* neon_stripper.jpg */,
				D2F22D031834246000B63DBE /* magnolialogo.jpg */,
				D2F22D011834236100B63DBE /* gibbeslogo.jpg */,
				D2F22CFF1834226B00B63DBE /* holidayinnlogo.jpg */,
				D2F22CFD183420BB00B63DBE /* millshouselogo.jpg */,
				D2F22CFB18341FB500B63DBE /* marketpavilionlogo.jpg */,
				D2F22CF718341EAD00B63DBE /* pages.jpg */,
				D2F22CF818341EAD00B63DBE /* applebeeslogo.jpg */,
				D2F22CF518341CC300B63DBE /* outbacklogo.jpg */,
				D61E1F5C1834182600A42013 /* 726-star-selected.png */,
				D61E1F5D1834182600A42013 /* 726-star-selected@2x.png */,
				928CB23D183405170048266E /* outback.JPG */,
				D61E1F4D1833FF3400A42013 /* 722-location-pin.png */,
				D61E1F4E1833FF3400A42013 /* 722-location-pin@2x.png */,
				9267E82B1833DF73004796FE /* star.png */,
				9267E82C1833DF73004796FE /* star@2x.png */,
				D246CB931833D04D00034DB0 /* 06-magnify.png */,
				D246CB941833D04D00034DB0 /* 06-magnify@2x.png */,
			);
			name = Images;
			sourceTree = "<group>";
		};
/* End PBXGroup section */

/* Begin PBXNativeTarget section */
		9267E7DC1833C54F004796FE /* SmartTravel */ = {
			isa = PBXNativeTarget;
			buildConfigurationList = 9267E8121833C550004796FE /* Build configuration list for PBXNativeTarget "SmartTravel" */;
			buildPhases = (
				9267E7D91833C54F004796FE /* Sources */,
				9267E7DA1833C54F004796FE /* Frameworks */,
				9267E7DB1833C54F004796FE /* Resources */,
			);
			buildRules = (
			);
			dependencies = (
			);
			name = SmartTravel;
			productName = SmartTravel;
			productReference = 9267E8291833DF16004796FE /* SmartTravel.app */;
			productType = "com.apple.product-type.application";
		};
		9267E8001833C54F004796FE /* SmartTravelTests */ = {
			isa = PBXNativeTarget;
			buildConfigurationList = 9267E8151833C550004796FE /* Build configuration list for PBXNativeTarget "SmartTravelTests" */;
			buildPhases = (
				9267E7FD1833C54F004796FE /* Sources */,
				9267E7FE1833C54F004796FE /* Frameworks */,
				9267E7FF1833C54F004796FE /* Resources */,
			);
			buildRules = (
			);
			dependencies = (
				9267E8071833C54F004796FE /* PBXTargetDependency */,
			);
			name = SmartTravelTests;
			productName = SmartTravelTests;
			productReference = 9267E82A1833DF16004796FE /* SmartTravelTests.xctest */;
			productType = "com.apple.product-type.bundle.unit-test";
		};
/* End PBXNativeTarget section */

/* Begin PBXProject section */
		9267E7D51833C54F004796FE /* Project object */ = {
			isa = PBXProject;
			attributes = {
				CLASSPREFIX = SmartTravel;
				LastUpgradeCheck = 0500;
				ORGANIZATIONNAME = SPARC;
				TargetAttributes = {
					9267E7DC1833C54F004796FE = {
						DevelopmentTeam = YXGRT7J2DY;
					};
					9267E8001833C54F004796FE = {
						TestTargetID = 9267E7DC1833C54F004796FE;
					};
				};
			};
			buildConfigurationList = 9267E7D81833C54F004796FE /* Build configuration list for PBXProject "SmartTravel" */;
			compatibilityVersion = "Xcode 3.2";
			developmentRegion = English;
			hasScannedForEncodings = 0;
			knownRegions = (
				en,
				Base,
			);
			mainGroup = 9267E7D41833C54F004796FE;
			productRefGroup = 9267E7D41833C54F004796FE;
			projectDirPath = "";
			projectRoot = "";
			targets = (
				9267E7DC1833C54F004796FE /* SmartTravel */,
				9267E8001833C54F004796FE /* SmartTravelTests */,
			);
		};
/* End PBXProject section */

/* Begin PBXResourcesBuildPhase section */
		9267E7DB1833C54F004796FE /* Resources */ = {
			isa = PBXResourcesBuildPhase;
			buildActionMask = 2147483647;
			files = (
				928CB243183424100048266E /* neon_stripper.jpg in Resources */,
				928CB23E183405170048266E /* outback.JPG in Resources */,
				D246CB961833D04D00034DB0 /* 06-magnify@2x.png in Resources */,
				D6BB5ECA183434A900787AD1 /* Charleston_gibbes_art_gallery.jpg in Resources */,
				D61E1F6618342E2800A42013 /* ggggggggggggg.png in Resources */,
				D2F22D10183433CF00B63DBE /* marketpavilionbackground.jpg in Resources */,
				D2F22D041834246000B63DBE /* magnolialogo.jpg in Resources */,
				D2F22CFA18341EAD00B63DBE /* applebeeslogo.jpg in Resources */,
				9267E7F71833C54F004796FE /* Main_iPad.storyboard in Resources */,
				9267E82E1833DF73004796FE /* star@2x.png in Resources */,
				D61E1F6118342C6E00A42013 /* gg.png in Resources */,
				D61E1F5E1834182600A42013 /* 726-star-selected.png in Resources */,
				D2F22D001834226B00B63DBE /* holidayinnlogo.jpg in Resources */,
				D2F22D0E183431A200B63DBE /* pagesbackground.jpg in Resources */,
				D2F22D0C18342F5A00B63DBE /* applebeesbackground.jpg in Resources */,
				D2F22CFC18341FB500B63DBE /* marketpavilionlogo.jpg in Resources */,
				D6BB5ECB183434A900787AD1 /* Holiday_Inn_Express-Night.jpeg in Resources */,
				9267E7FC1833C54F004796FE /* Images.xcassets in Resources */,
				9267E7F41833C54F004796FE /* Main_iPhone.storyboard in Resources */,
				D2F22D021834236100B63DBE /* gibbeslogo.jpg in Resources */,
				D2F22CFE183420BB00B63DBE /* millshouselogo.jpg in Resources */,
				921D055D18342EA600DC801E /* jellystone.jpg in Resources */,
				D61E1F4F1833FF3400A42013 /* 722-location-pin.png in Resources */,
				D2F22CF618341CC300B63DBE /* outbacklogo.jpg in Resources */,
				9267E82D1833DF73004796FE /* star.png in Resources */,
				D61E1F5F1834182600A42013 /* 726-star-selected@2x.png in Resources */,
				D61E1F501833FF3400A42013 /* 722-location-pin@2x.png in Resources */,
				D246CB951833D04D00034DB0 /* 06-magnify.png in Resources */,
				D2F22D08183426BC00B63DBE /* yogibearlogo.jpg in Resources */,
				9267E7EB1833C54F004796FE /* InfoPlist.strings in Resources */,
				D2F22CF918341EAD00B63DBE /* pages.jpg in Resources */,
			);
			runOnlyForDeploymentPostprocessing = 0;
		};
		9267E7FF1833C54F004796FE /* Resources */ = {
			isa = PBXResourcesBuildPhase;
			buildActionMask = 2147483647;
			files = (
				9267E80D1833C54F004796FE /* InfoPlist.strings in Resources */,
			);
			runOnlyForDeploymentPostprocessing = 0;
		};
/* End PBXResourcesBuildPhase section */

/* Begin PBXSourcesBuildPhase section */
		9267E7D91833C54F004796FE /* Sources */ = {
			isa = PBXSourcesBuildPhase;
			buildActionMask = 2147483647;
			files = (
				D2F22CF01833FA6700B63DBE /* UIImage+ImageEffects.m in Sources */,
				D61E1F6418342C9400A42013 /* SplashViewController.m in Sources */,
				9267E7F11833C54F004796FE /* SmartTravelAppDelegate.m in Sources */,
				D2F22CED1833E13200B63DBE /* MockData.m in Sources */,
				9267E7ED1833C54F004796FE /* main.m in Sources */,
				D246CB8E1833C6E000034DB0 /* BookmarkViewController.m in Sources */,
				9267E81B1833CA7F004796FE /* BeaconManager.m in Sources */,
				92C6C5161833E40A00743214 /* BusinessDetailsViewController.m in Sources */,
				D2F22CE81833DDD700B63DBE /* SearchBarCell.m in Sources */,
				D61E1F4C1833FE0700A42013 /* ImageHandler.m in Sources */,
				D61E1F451833E2F500A42013 /* Location.m in Sources */,
				D6C9386C1833D33B0083F04F /* LocationAnnotation.m in Sources */,
				D246CB8B1833C6D400034DB0 /* SearchViewController.m in Sources */,
				D246CB911833CDAA00034DB0 /* SearchCell.m in Sources */,
				D61E1F53183409A000A42013 /* BookmarkManager.m in Sources */,
				9267E7FA1833C54F004796FE /* SmartTravelViewController.m in Sources */,
				D246CB881833C6C800034DB0 /* MapViewController.m in Sources */,
			);
			runOnlyForDeploymentPostprocessing = 0;
		};
		9267E7FD1833C54F004796FE /* Sources */ = {
			isa = PBXSourcesBuildPhase;
			buildActionMask = 2147483647;
			files = (
				9267E80F1833C550004796FE /* SmartTravelTests.m in Sources */,
			);
			runOnlyForDeploymentPostprocessing = 0;
		};
/* End PBXSourcesBuildPhase section */

/* Begin PBXTargetDependency section */
		9267E8071833C54F004796FE /* PBXTargetDependency */ = {
			isa = PBXTargetDependency;
			target = 9267E7DC1833C54F004796FE /* SmartTravel */;
			targetProxy = 9267E8061833C54F004796FE /* PBXContainerItemProxy */;
		};
/* End PBXTargetDependency section */

/* Begin PBXVariantGroup section */
		9267E7E91833C54F004796FE /* InfoPlist.strings */ = {
			isa = PBXVariantGroup;
			children = (
				9267E7EA1833C54F004796FE /* en */,
			);
			name = InfoPlist.strings;
			sourceTree = "<group>";
		};
		9267E7F21833C54F004796FE /* Main_iPhone.storyboard */ = {
			isa = PBXVariantGroup;
			children = (
				9267E7F31833C54F004796FE /* Base */,
			);
			name = Main_iPhone.storyboard;
			sourceTree = "<group>";
		};
		9267E7F51833C54F004796FE /* Main_iPad.storyboard */ = {
			isa = PBXVariantGroup;
			children = (
				9267E7F61833C54F004796FE /* Base */,
			);
			name = Main_iPad.storyboard;
			sourceTree = "<group>";
		};
		9267E80B1833C54F004796FE /* InfoPlist.strings */ = {
			isa = PBXVariantGroup;
			children = (
				9267E80C1833C54F004796FE /* en */,
			);
			name = InfoPlist.strings;
			sourceTree = "<group>";
		};
/* End PBXVariantGroup section */

/* Begin XCBuildConfiguration section */
		9267E8101833C550004796FE /* Debug */ = {
			isa = XCBuildConfiguration;
			buildSettings = {
				ALWAYS_SEARCH_USER_PATHS = NO;
				ARCHS = "$(ARCHS_STANDARD_INCLUDING_64_BIT)";
				CLANG_CXX_LANGUAGE_STANDARD = "gnu++0x";
				CLANG_CXX_LIBRARY = "libc++";
				CLANG_ENABLE_MODULES = YES;
				CLANG_ENABLE_OBJC_ARC = YES;
				CLANG_WARN_BOOL_CONVERSION = YES;
				CLANG_WARN_CONSTANT_CONVERSION = YES;
				CLANG_WARN_DIRECT_OBJC_ISA_USAGE = YES_ERROR;
				CLANG_WARN_EMPTY_BODY = YES;
				CLANG_WARN_ENUM_CONVERSION = YES;
				CLANG_WARN_INT_CONVERSION = YES;
				CLANG_WARN_OBJC_ROOT_CLASS = YES_ERROR;
				CLANG_WARN__DUPLICATE_METHOD_MATCH = YES;
				"CODE_SIGN_IDENTITY[sdk=iphoneos*]" = "iPhone Developer";
				COPY_PHASE_STRIP = NO;
				GCC_C_LANGUAGE_STANDARD = gnu99;
				GCC_DYNAMIC_NO_PIC = NO;
				GCC_OPTIMIZATION_LEVEL = 0;
				GCC_PREPROCESSOR_DEFINITIONS = (
					"DEBUG=1",
					"$(inherited)",
				);
				GCC_SYMBOLS_PRIVATE_EXTERN = NO;
				GCC_WARN_64_TO_32_BIT_CONVERSION = YES;
				GCC_WARN_ABOUT_RETURN_TYPE = YES_ERROR;
				GCC_WARN_UNDECLARED_SELECTOR = YES;
				GCC_WARN_UNINITIALIZED_AUTOS = YES;
				GCC_WARN_UNUSED_FUNCTION = YES;
				GCC_WARN_UNUSED_VARIABLE = YES;
				IPHONEOS_DEPLOYMENT_TARGET = 7.0;
				ONLY_ACTIVE_ARCH = YES;
				SDKROOT = iphoneos;
				TARGETED_DEVICE_FAMILY = "1,2";
			};
			name = Debug;
		};
		9267E8111833C550004796FE /* Release */ = {
			isa = XCBuildConfiguration;
			buildSettings = {
				ALWAYS_SEARCH_USER_PATHS = NO;
				ARCHS = "$(ARCHS_STANDARD_INCLUDING_64_BIT)";
				CLANG_CXX_LANGUAGE_STANDARD = "gnu++0x";
				CLANG_CXX_LIBRARY = "libc++";
				CLANG_ENABLE_MODULES = YES;
				CLANG_ENABLE_OBJC_ARC = YES;
				CLANG_WARN_BOOL_CONVERSION = YES;
				CLANG_WARN_CONSTANT_CONVERSION = YES;
				CLANG_WARN_DIRECT_OBJC_ISA_USAGE = YES_ERROR;
				CLANG_WARN_EMPTY_BODY = YES;
				CLANG_WARN_ENUM_CONVERSION = YES;
				CLANG_WARN_INT_CONVERSION = YES;
				CLANG_WARN_OBJC_ROOT_CLASS = YES_ERROR;
				CLANG_WARN__DUPLICATE_METHOD_MATCH = YES;
				"CODE_SIGN_IDENTITY[sdk=iphoneos*]" = "iPhone Developer";
				COPY_PHASE_STRIP = YES;
				ENABLE_NS_ASSERTIONS = NO;
				GCC_C_LANGUAGE_STANDARD = gnu99;
				GCC_WARN_64_TO_32_BIT_CONVERSION = YES;
				GCC_WARN_ABOUT_RETURN_TYPE = YES_ERROR;
				GCC_WARN_UNDECLARED_SELECTOR = YES;
				GCC_WARN_UNINITIALIZED_AUTOS = YES;
				GCC_WARN_UNUSED_FUNCTION = YES;
				GCC_WARN_UNUSED_VARIABLE = YES;
				IPHONEOS_DEPLOYMENT_TARGET = 7.0;
				SDKROOT = iphoneos;
				TARGETED_DEVICE_FAMILY = "1,2";
				VALIDATE_PRODUCT = YES;
			};
			name = Release;
		};
		9267E8131833C550004796FE /* Debug */ = {
			isa = XCBuildConfiguration;
			buildSettings = {
				ASSETCATALOG_COMPILER_APPICON_NAME = AppIcon;
				ASSETCATALOG_COMPILER_LAUNCHIMAGE_NAME = LaunchImage;
				CODE_SIGN_IDENTITY = "iPhone Developer";
				"CODE_SIGN_IDENTITY[sdk=iphoneos*]" = "iPhone Developer";
				GCC_PRECOMPILE_PREFIX_HEADER = YES;
				GCC_PREFIX_HEADER = "SmartTravel/SmartTravel-Prefix.pch";
				INFOPLIST_FILE = "SmartTravel/SmartTravel-Info.plist";
				PRODUCT_NAME = "$(TARGET_NAME)";
				PROVISIONING_PROFILE = "";
				WRAPPER_EXTENSION = app;
			};
			name = Debug;
		};
		9267E8141833C550004796FE /* Release */ = {
			isa = XCBuildConfiguration;
			buildSettings = {
				ASSETCATALOG_COMPILER_APPICON_NAME = AppIcon;
				ASSETCATALOG_COMPILER_LAUNCHIMAGE_NAME = LaunchImage;
				CODE_SIGN_IDENTITY = "iPhone Developer";
				"CODE_SIGN_IDENTITY[sdk=iphoneos*]" = "iPhone Developer";
				GCC_PRECOMPILE_PREFIX_HEADER = YES;
				GCC_PREFIX_HEADER = "SmartTravel/SmartTravel-Prefix.pch";
				INFOPLIST_FILE = "SmartTravel/SmartTravel-Info.plist";
				PRODUCT_NAME = "$(TARGET_NAME)";
				PROVISIONING_PROFILE = "";
				WRAPPER_EXTENSION = app;
			};
			name = Release;
		};
		9267E8161833C550004796FE /* Debug */ = {
			isa = XCBuildConfiguration;
			buildSettings = {
				ARCHS = "$(ARCHS_STANDARD_INCLUDING_64_BIT)";
				BUNDLE_LOADER = "$(BUILT_PRODUCTS_DIR)/SmartTravel.app/SmartTravel";
				FRAMEWORK_SEARCH_PATHS = (
					"$(SDKROOT)/Developer/Library/Frameworks",
					"$(inherited)",
					"$(DEVELOPER_FRAMEWORKS_DIR)",
				);
				GCC_PRECOMPILE_PREFIX_HEADER = YES;
				GCC_PREFIX_HEADER = "SmartTravel/SmartTravel-Prefix.pch";
				GCC_PREPROCESSOR_DEFINITIONS = (
					"DEBUG=1",
					"$(inherited)",
				);
				INFOPLIST_FILE = "SmartTravelTests/SmartTravelTests-Info.plist";
				PRODUCT_NAME = "$(TARGET_NAME)";
				TEST_HOST = "$(BUNDLE_LOADER)";
				WRAPPER_EXTENSION = xctest;
			};
			name = Debug;
		};
		9267E8171833C550004796FE /* Release */ = {
			isa = XCBuildConfiguration;
			buildSettings = {
				ARCHS = "$(ARCHS_STANDARD_INCLUDING_64_BIT)";
				BUNDLE_LOADER = "$(BUILT_PRODUCTS_DIR)/SmartTravel.app/SmartTravel";
				FRAMEWORK_SEARCH_PATHS = (
					"$(SDKROOT)/Developer/Library/Frameworks",
					"$(inherited)",
					"$(DEVELOPER_FRAMEWORKS_DIR)",
				);
				GCC_PRECOMPILE_PREFIX_HEADER = YES;
				GCC_PREFIX_HEADER = "SmartTravel/SmartTravel-Prefix.pch";
				INFOPLIST_FILE = "SmartTravelTests/SmartTravelTests-Info.plist";
				PRODUCT_NAME = "$(TARGET_NAME)";
				TEST_HOST = "$(BUNDLE_LOADER)";
				WRAPPER_EXTENSION = xctest;
			};
			name = Release;
		};
/* End XCBuildConfiguration section */

/* Begin XCConfigurationList section */
		9267E7D81833C54F004796FE /* Build configuration list for PBXProject "SmartTravel" */ = {
			isa = XCConfigurationList;
			buildConfigurations = (
				9267E8101833C550004796FE /* Debug */,
				9267E8111833C550004796FE /* Release */,
			);
			defaultConfigurationIsVisible = 0;
			defaultConfigurationName = Release;
		};
		9267E8121833C550004796FE /* Build configuration list for PBXNativeTarget "SmartTravel" */ = {
			isa = XCConfigurationList;
			buildConfigurations = (
				9267E8131833C550004796FE /* Debug */,
				9267E8141833C550004796FE /* Release */,
			);
			defaultConfigurationIsVisible = 0;
			defaultConfigurationName = Release;
		};
		9267E8151833C550004796FE /* Build configuration list for PBXNativeTarget "SmartTravelTests" */ = {
			isa = XCConfigurationList;
			buildConfigurations = (
				9267E8161833C550004796FE /* Debug */,
				9267E8171833C550004796FE /* Release */,
			);
			defaultConfigurationIsVisible = 0;
			defaultConfigurationName = Release;
		};
/* End XCConfigurationList section */
	};
	rootObject = 9267E7D51833C54F004796FE /* Project object */;
}
